// !$*UTF8*$!
{
	archiveVersion = 1;
	classes = {
	};
	objectVersion = 56;
	objects = {

/* Begin PBXBuildFile section */
		383E66D82A00FD9B006BB304 /* you_get_GUI_for_macApp.swift in Sources */ = {isa = PBXBuildFile; fileRef = 383E66D72A00FD9B006BB304 /* you_get_GUI_for_macApp.swift */; };
		383E66DA2A00FD9B006BB304 /* ContentView.swift in Sources */ = {isa = PBXBuildFile; fileRef = 383E66D92A00FD9B006BB304 /* ContentView.swift */; };
		383E66DC2A00FD9D006BB304 /* Assets.xcassets in Resources */ = {isa = PBXBuildFile; fileRef = 383E66DB2A00FD9D006BB304 /* Assets.xcassets */; };
		383E66DF2A00FD9D006BB304 /* Preview Assets.xcassets in Resources */ = {isa = PBXBuildFile; fileRef = 383E66DE2A00FD9D006BB304 /* Preview Assets.xcassets */; };
		383E66EB2A00FE71006BB304 /* PythonKit in Frameworks */ = {isa = PBXBuildFile; productRef = 383E66EA2A00FE71006BB304 /* PythonKit */; };
/* End PBXBuildFile section */

/* Begin PBXFileReference section */
		383E66D42A00FD9B006BB304 /* you-get-GUI-for-mac.app */ = {isa = PBXFileReference; explicitFileType = wrapper.application; includeInIndex = 0; path = "you-get-GUI-for-mac.app"; sourceTree = BUILT_PRODUCTS_DIR; };
		383E66D72A00FD9B006BB304 /* you_get_GUI_for_macApp.swift */ = {isa = PBXFileReference; lastKnownFileType = sourcecode.swift; path = you_get_GUI_for_macApp.swift; sourceTree = "<group>"; };
		383E66D92A00FD9B006BB304 /* ContentView.swift */ = {isa = PBXFileReference; lastKnownFileType = sourcecode.swift; path = ContentView.swift; sourceTree = "<group>"; };
		383E66DB2A00FD9D006BB304 /* Assets.xcassets */ = {isa = PBXFileReference; lastKnownFileType = folder.assetcatalog; path = Assets.xcassets; sourceTree = "<group>"; };
		383E66DE2A00FD9D006BB304 /* Preview Assets.xcassets */ = {isa = PBXFileReference; lastKnownFileType = folder.assetcatalog; path = "Preview Assets.xcassets"; sourceTree = "<group>"; };
		383E66E02A00FD9D006BB304 /* you_get_GUI_for_mac.entitlements */ = {isa = PBXFileReference; lastKnownFileType = text.plist.entitlements; path = you_get_GUI_for_mac.entitlements; sourceTree = "<group>"; };
		383E66E82A00FE3C006BB304 /* PythonKit */ = {isa = PBXFileReference; lastKnownFileType = wrapper; path = PythonKit; sourceTree = "<group>"; };
/* End PBXFileReference section */

/* Begin PBXFrameworksBuildPhase section */
		383E66D12A00FD9B006BB304 /* Frameworks */ = {
			isa = PBXFrameworksBuildPhase;
			buildActionMask = 2147483647;
			files = (
				383E66EB2A00FE71006BB304 /* PythonKit in Frameworks */,
			);
			runOnlyForDeploymentPostprocessing = 0;
		};
/* End PBXFrameworksBuildPhase section */

/* Begin PBXGroup section */
		383E66CB2A00FD9B006BB304 = {
			isa = PBXGroup;
			children = (
				383E66E82A00FE3C006BB304 /* PythonKit */,
				383E66D62A00FD9B006BB304 /* you-get-GUI-for-mac */,
				383E66D52A00FD9B006BB304 /* Products */,
				383E66E92A00FE71006BB304 /* Frameworks */,
			);
			sourceTree = "<group>";
		};
		383E66D52A00FD9B006BB304 /* Products */ = {
			isa = PBXGroup;
			children = (
				383E66D42A00FD9B006BB304 /* you-get-GUI-for-mac.app */,
			);
			name = Products;
			sourceTree = "<group>";
		};
		383E66D62A00FD9B006BB304 /* you-get-GUI-for-mac */ = {
			isa = PBXGroup;
			children = (
				383E66D72A00FD9B006BB304 /* you_get_GUI_for_macApp.swift */,
				383E66D92A00FD9B006BB304 /* ContentView.swift */,
				383E66DB2A00FD9D006BB304 /* Assets.xcassets */,
				383E66E02A00FD9D006BB304 /* you_get_GUI_for_mac.entitlements */,
				383E66DD2A00FD9D006BB304 /* Preview Content */,
			);
			path = "you-get-GUI-for-mac";
			sourceTree = "<group>";
		};
		383E66DD2A00FD9D006BB304 /* Preview Content */ = {
			isa = PBXGroup;
			children = (
				383E66DE2A00FD9D006BB304 /* Preview Assets.xcassets */,
			);
			path = "Preview Content";
			sourceTree = "<group>";
		};
		383E66E92A00FE71006BB304 /* Frameworks */ = {
			isa = PBXGroup;
			children = (
			);
			name = Frameworks;
			sourceTree = "<group>";
		};
/* End PBXGroup section */

/* Begin PBXNativeTarget section */
		383E66D32A00FD9B006BB304 /* you-get-GUI-for-mac */ = {
			isa = PBXNativeTarget;
			buildConfigurationList = 383E66E32A00FD9D006BB304 /* Build configuration list for PBXNativeTarget "you-get-GUI-for-mac" */;
			buildPhases = (
				383E66D02A00FD9B006BB304 /* Sources */,
				383E66D12A00FD9B006BB304 /* Frameworks */,
				383E66D22A00FD9B006BB304 /* Resources */,
			);
			buildRules = (
			);
			dependencies = (
			);
			name = "you-get-GUI-for-mac";
			packageProductDependencies = (
				383E66EA2A00FE71006BB304 /* PythonKit */,
			);
			productName = "you-get-GUI-for-mac";
			productReference = 383E66D42A00FD9B006BB304 /* you-get-GUI-for-mac.app */;
			productType = "com.apple.product-type.application";
		};
/* End PBXNativeTarget section */

/* Begin PBXProject section */
		383E66CC2A00FD9B006BB304 /* Project object */ = {
			isa = PBXProject;
			attributes = {
				BuildIndependentTargetsInParallel = 1;
				LastSwiftUpdateCheck = 1430;
				LastUpgradeCheck = 1430;
				TargetAttributes = {
					383E66D32A00FD9B006BB304 = {
						CreatedOnToolsVersion = 14.3;
					};
				};
			};
			buildConfigurationList = 383E66CF2A00FD9B006BB304 /* Build configuration list for PBXProject "you-get-GUI-for-mac" */;
			compatibilityVersion = "Xcode 14.0";
			developmentRegion = en;
			hasScannedForEncodings = 0;
			knownRegions = (
				en,
				Base,
			);
			mainGroup = 383E66CB2A00FD9B006BB304;
			packageReferences = (
			);
			productRefGroup = 383E66D52A00FD9B006BB304 /* Products */;
			projectDirPath = "";
			projectRoot = "";
			targets = (
				383E66D32A00FD9B006BB304 /* you-get-GUI-for-mac */,
			);
		};
/* End PBXProject section */

/* Begin PBXResourcesBuildPhase section */
		383E66D22A00FD9B006BB304 /* Resources */ = {
			isa = PBXResourcesBuildPhase;
			buildActionMask = 2147483647;
			files = (
				383E66DF2A00FD9D006BB304 /* Preview Assets.xcassets in Resources */,
				383E66DC2A00FD9D006BB304 /* Assets.xcassets in Resources */,
			);
			runOnlyForDeploymentPostprocessing = 0;
		};
/* End PBXResourcesBuildPhase section */

/* Begin PBXSourcesBuildPhase section */
		383E66D02A00FD9B006BB304 /* Sources */ = {
			isa = PBXSourcesBuildPhase;
			buildActionMask = 2147483647;
			files = (
				383E66DA2A00FD9B006BB304 /* ContentView.swift in Sources */,
				383E66D82A00FD9B006BB304 /* you_get_GUI_for_macApp.swift in Sources */,
			);
			runOnlyForDeploymentPostprocessing = 0;
		};
/* End PBXSourcesBuildPhase section */

/* Begin XCBuildConfiguration section */
		383E66E12A00FD9D006BB304 /* Debug */ = {
			isa = XCBuildConfiguration;
			buildSettings = {
				ALWAYS_SEARCH_USER_PATHS = NO;
				CLANG_ANALYZER_NONNULL = YES;
				CLANG_ANALYZER_NUMBER_OBJECT_CONVERSION = YES_AGGRESSIVE;
				CLANG_CXX_LANGUAGE_STANDARD = "gnu++20";
				CLANG_ENABLE_MODULES = YES;
				CLANG_ENABLE_OBJC_ARC = YES;
				CLANG_ENABLE_OBJC_WEAK = YES;
				CLANG_WARN_BLOCK_CAPTURE_AUTORELEASING = YES;
				CLANG_WARN_BOOL_CONVERSION = YES;
				CLANG_WARN_COMMA = YES;
				CLANG_WARN_CONSTANT_CONVERSION = YES;
				CLANG_WARN_DEPRECATED_OBJC_IMPLEMENTATIONS = YES;
				CLANG_WARN_DIRECT_OBJC_ISA_USAGE = YES_ERROR;
				CLANG_WARN_DOCUMENTATION_COMMENTS = YES;
				CLANG_WARN_EMPTY_BODY = YES;
				CLANG_WARN_ENUM_CONVERSION = YES;
				CLANG_WARN_INFINITE_RECURSION = YES;
				CLANG_WARN_INT_CONVERSION = YES;
				CLANG_WARN_NON_LITERAL_NULL_CONVERSION = YES;
				CLANG_WARN_OBJC_IMPLICIT_RETAIN_SELF = YES;
				CLANG_WARN_OBJC_LITERAL_CONVERSION = YES;
				CLANG_WARN_OBJC_ROOT_CLASS = YES_ERROR;
				CLANG_WARN_QUOTED_INCLUDE_IN_FRAMEWORK_HEADER = YES;
				CLANG_WARN_RANGE_LOOP_ANALYSIS = YES;
				CLANG_WARN_STRICT_PROTOTYPES = YES;
				CLANG_WARN_SUSPICIOUS_MOVE = YES;
				CLANG_WARN_UNGUARDED_AVAILABILITY = YES_AGGRESSIVE;
				CLANG_WARN_UNREACHABLE_CODE = YES;
				CLANG_WARN__DUPLICATE_METHOD_MATCH = YES;
				COPY_PHASE_STRIP = NO;
				DEBUG_INFORMATION_FORMAT = dwarf;
				ENABLE_STRICT_OBJC_MSGSEND = YES;
				ENABLE_TESTABILITY = YES;
				GCC_C_LANGUAGE_STANDARD = gnu11;
				GCC_DYNAMIC_NO_PIC = NO;
				GCC_NO_COMMON_BLOCKS = YES;
				GCC_OPTIMIZATION_LEVEL = 0;
				GCC_PREPROCESSOR_DEFINITIONS = (
					"DEBUG=1",
					"$(inherited)",
				);
				GCC_WARN_64_TO_32_BIT_CONVERSION = YES;
				GCC_WARN_ABOUT_RETURN_TYPE = YES_ERROR;
				GCC_WARN_UNDECLARED_SELECTOR = YES;
				GCC_WARN_UNINITIALIZED_AUTOS = YES_AGGRESSIVE;
				GCC_WARN_UNUSED_FUNCTION = YES;
				GCC_WARN_UNUSED_VARIABLE = YES;
				MACOSX_DEPLOYMENT_TARGET = 13.3;
				MTL_ENABLE_DEBUG_INFO = INCLUDE_SOURCE;
				MTL_FAST_MATH = YES;
				ONLY_ACTIVE_ARCH = YES;
				SDKROOT = macosx;
				SWIFT_ACTIVE_COMPILATION_CONDITIONS = DEBUG;
				SWIFT_OPTIMIZATION_LEVEL = "-Onone";
			};
			name = Debug;
		};
		383E66E22A00FD9D006BB304 /* Release */ = {
			isa = XCBuildConfiguration;
			buildSettings = {
				ALWAYS_SEARCH_USER_PATHS = NO;
				CLANG_ANALYZER_NONNULL = YES;
				CLANG_ANALYZER_NUMBER_OBJECT_CONVERSION = YES_AGGRESSIVE;
				CLANG_CXX_LANGUAGE_STANDARD = "gnu++20";
				CLANG_ENABLE_MODULES = YES;
				CLANG_ENABLE_OBJC_ARC = YES;
				CLANG_ENABLE_OBJC_WEAK = YES;
				CLANG_WARN_BLOCK_CAPTURE_AUTORELEASING = YES;
				CLANG_WARN_BOOL_CONVERSION = YES;
				CLANG_WARN_COMMA = YES;
				CLANG_WARN_CONSTANT_CONVERSION = YES;
				CLANG_WARN_DEPRECATED_OBJC_IMPLEMENTATIONS = YES;
				CLANG_WARN_DIRECT_OBJC_ISA_USAGE = YES_ERROR;
				CLANG_WARN_DOCUMENTATION_COMMENTS = YES;
				CLANG_WARN_EMPTY_BODY = YES;
				CLANG_WARN_ENUM_CONVERSION = YES;
				CLANG_WARN_INFINITE_RECURSION = YES;
				CLANG_WARN_INT_CONVERSION = YES;
				CLANG_WARN_NON_LITERAL_NULL_CONVERSION = YES;
				CLANG_WARN_OBJC_IMPLICIT_RETAIN_SELF = YES;
				CLANG_WARN_OBJC_LITERAL_CONVERSION = YES;
				CLANG_WARN_OBJC_ROOT_CLASS = YES_ERROR;
				CLANG_WARN_QUOTED_INCLUDE_IN_FRAMEWORK_HEADER = YES;
				CLANG_WARN_RANGE_LOOP_ANALYSIS = YES;
				CLANG_WARN_STRICT_PROTOTYPES = YES;
				CLANG_WARN_SUSPICIOUS_MOVE = YES;
				CLANG_WARN_UNGUARDED_AVAILABILITY = YES_AGGRESSIVE;
				CLANG_WARN_UNREACHABLE_CODE = YES;
				CLANG_WARN__DUPLICATE_METHOD_MATCH = YES;
				COPY_PHASE_STRIP = NO;
				DEBUG_INFORMATION_FORMAT = "dwarf-with-dsym";
				ENABLE_NS_ASSERTIONS = NO;
				ENABLE_STRICT_OBJC_MSGSEND = YES;
				GCC_C_LANGUAGE_STANDARD = gnu11;
				GCC_NO_COMMON_BLOCKS = YES;
				GCC_WARN_64_TO_32_BIT_CONVERSION = YES;
				GCC_WARN_ABOUT_RETURN_TYPE = YES_ERROR;
				GCC_WARN_UNDECLARED_SELECTOR = YES;
				GCC_WARN_UNINITIALIZED_AUTOS = YES_AGGRESSIVE;
				GCC_WARN_UNUSED_FUNCTION = YES;
				GCC_WARN_UNUSED_VARIABLE = YES;
				MACOSX_DEPLOYMENT_TARGET = 13.3;
				MTL_ENABLE_DEBUG_INFO = NO;
				MTL_FAST_MATH = YES;
				SDKROOT = macosx;
				SWIFT_COMPILATION_MODE = wholemodule;
				SWIFT_OPTIMIZATION_LEVEL = "-O";
			};
			name = Release;
		};
		383E66E42A00FD9D006BB304 /* Debug */ = {
			isa = XCBuildConfiguration;
			buildSettings = {
				ASSETCATALOG_COMPILER_APPICON_NAME = AppIcon;
				ASSETCATALOG_COMPILER_GLOBAL_ACCENT_COLOR_NAME = AccentColor;
				CODE_SIGN_ENTITLEMENTS = "you-get-GUI-for-mac/you_get_GUI_for_mac.entitlements";
				CODE_SIGN_STYLE = Automatic;
				COMBINE_HIDPI_IMAGES = YES;
				CURRENT_PROJECT_VERSION = 1;
				DEVELOPMENT_ASSET_PATHS = "\"you-get-GUI-for-mac/Preview Content\"";
				DEVELOPMENT_TEAM = CJ9X49H2WL;
				ENABLE_HARDENED_RUNTIME = YES;
				ENABLE_PREVIEWS = YES;
				GENERATE_INFOPLIST_FILE = YES;
				INFOPLIST_KEY_NSHumanReadableCopyright = "";
				LD_RUNPATH_SEARCH_PATHS = (
					"$(inherited)",
					"@executable_path/../Frameworks",
				);
				MARKETING_VERSION = 1.0;
				PRODUCT_BUNDLE_IDENTIFIER = "liyanan2004.you-get-GUI-for-mac";
				PRODUCT_NAME = "$(TARGET_NAME)";
				SWIFT_EMIT_LOC_STRINGS = YES;
				SWIFT_VERSION = 5.0;
			};
			name = Debug;
		};
		383E66E52A00FD9D006BB304 /* Release */ = {
			isa = XCBuildConfiguration;
			buildSettings = {
				ASSETCATALOG_COMPILER_APPICON_NAME = AppIcon;
				ASSETCATALOG_COMPILER_GLOBAL_ACCENT_COLOR_NAME = AccentColor;
				CODE_SIGN_ENTITLEMENTS = "you-get-GUI-for-mac/you_get_GUI_for_mac.entitlements";
				CODE_SIGN_STYLE = Automatic;
				COMBINE_HIDPI_IMAGES = YES;
				CURRENT_PROJECT_VERSION = 1;
				DEVELOPMENT_ASSET_PATHS = "\"you-get-GUI-for-mac/Preview Content\"";
				DEVELOPMENT_TEAM = CJ9X49H2WL;
				ENABLE_HARDENED_RUNTIME = YES;
				ENABLE_PREVIEWS = YES;
				GENERATE_INFOPLIST_FILE = YES;
				INFOPLIST_KEY_NSHumanReadableCopyright = "";
				LD_RUNPATH_SEARCH_PATHS = (
					"$(inherited)",
					"@executable_path/../Frameworks",
				);
				MARKETING_VERSION = 1.0;
				PRODUCT_BUNDLE_IDENTIFIER = "liyanan2004.you-get-GUI-for-mac";
				PRODUCT_NAME = "$(TARGET_NAME)";
				SWIFT_EMIT_LOC_STRINGS = YES;
				SWIFT_VERSION = 5.0;
			};
			name = Release;
		};
/* End XCBuildConfiguration section */

/* Begin XCConfigurationList section */
		383E66CF2A00FD9B006BB304 /* Build configuration list for PBXProject "you-get-GUI-for-mac" */ = {
			isa = XCConfigurationList;
			buildConfigurations = (
				383E66E12A00FD9D006BB304 /* Debug */,
				383E66E22A00FD9D006BB304 /* Release */,
			);
			defaultConfigurationIsVisible = 0;
			defaultConfigurationName = Release;
		};
		383E66E32A00FD9D006BB304 /* Build configuration list for PBXNativeTarget "you-get-GUI-for-mac" */ = {
			isa = XCConfigurationList;
			buildConfigurations = (
				383E66E42A00FD9D006BB304 /* Debug */,
				383E66E52A00FD9D006BB304 /* Release */,
			);
			defaultConfigurationIsVisible = 0;
			defaultConfigurationName = Release;
		};
/* End XCConfigurationList section */

/* Begin XCSwiftPackageProductDependency section */
		383E66EA2A00FE71006BB304 /* PythonKit */ = {
			isa = XCSwiftPackageProductDependency;
			productName = PythonKit;
		};
/* End XCSwiftPackageProductDependency section */
	};
	rootObject = 383E66CC2A00FD9B006BB304 /* Project object */;
}
